// !$*UTF8*$!
{
	archiveVersion = 1;
	classes = {
	};
	objectVersion = 50;
	objects = {

/* Begin PBXBuildFile section */
		DCF2A0022564018400034ED1 /* AppDelegate.swift in Sources */ = {isa = PBXBuildFile; fileRef = DCF2A0012564018400034ED1 /* AppDelegate.swift */; };
		DCF2A0042564018400034ED1 /* SceneDelegate.swift in Sources */ = {isa = PBXBuildFile; fileRef = DCF2A0032564018400034ED1 /* SceneDelegate.swift */; };
		DCF2A0062564018400034ED1 /* ViewController.swift in Sources */ = {isa = PBXBuildFile; fileRef = DCF2A0052564018400034ED1 /* ViewController.swift */; };
		DCF2A0092564018400034ED1 /* Main.storyboard in Resources */ = {isa = PBXBuildFile; fileRef = DCF2A0072564018400034ED1 /* Main.storyboard */; };
		DCF2A00B2564019200034ED1 /* Assets.xcassets in Resources */ = {isa = PBXBuildFile; fileRef = DCF2A00A2564019200034ED1 /* Assets.xcassets */; };
		DCF2A00E2564019200034ED1 /* LaunchScreen.storyboard in Resources */ = {isa = PBXBuildFile; fileRef = DCF2A00C2564019200034ED1 /* LaunchScreen.storyboard */; };
		DCF2A0192564029D00034ED1 /* ColumnFlowLayout.swift in Sources */ = {isa = PBXBuildFile; fileRef = DCF2A0162564029D00034ED1 /* ColumnFlowLayout.swift */; };
		DCF2A01A2564029D00034ED1 /* CollectionViewController.swift in Sources */ = {isa = PBXBuildFile; fileRef = DCF2A0172564029D00034ED1 /* CollectionViewController.swift */; };
		DCF2A01B2564029D00034ED1 /* CollectionViewCell.swift in Sources */ = {isa = PBXBuildFile; fileRef = DCF2A0182564029D00034ED1 /* CollectionViewCell.swift */; };
/* End PBXBuildFile section */

/* Begin PBXFileReference section */
		DCF29FFE2564018400034ED1 /* FlowLayoutTest.app */ = {isa = PBXFileReference; explicitFileType = wrapper.application; includeInIndex = 0; path = FlowLayoutTest.app; sourceTree = BUILT_PRODUCTS_DIR; };
		DCF2A0012564018400034ED1 /* AppDelegate.swift */ = {isa = PBXFileReference; lastKnownFileType = sourcecode.swift; path = AppDelegate.swift; sourceTree = "<group>"; };
		DCF2A0032564018400034ED1 /* SceneDelegate.swift */ = {isa = PBXFileReference; lastKnownFileType = sourcecode.swift; path = SceneDelegate.swift; sourceTree = "<group>"; };
		DCF2A0052564018400034ED1 /* ViewController.swift */ = {isa = PBXFileReference; lastKnownFileType = sourcecode.swift; path = ViewController.swift; sourceTree = "<group>"; };
		DCF2A0082564018400034ED1 /* Base */ = {isa = PBXFileReference; lastKnownFileType = file.storyboard; name = Base; path = Base.lproj/Main.storyboard; sourceTree = "<group>"; };
		DCF2A00A2564019200034ED1 /* Assets.xcassets */ = {isa = PBXFileReference; lastKnownFileType = folder.assetcatalog; path = Assets.xcassets; sourceTree = "<group>"; };
		DCF2A00D2564019200034ED1 /* Base */ = {isa = PBXFileReference; lastKnownFileType = file.storyboard; name = Base; path = Base.lproj/LaunchScreen.storyboard; sourceTree = "<group>"; };
		DCF2A00F2564019200034ED1 /* Info.plist */ = {isa = PBXFileReference; lastKnownFileType = text.plist.xml; path = Info.plist; sourceTree = "<group>"; };
		DCF2A0162564029D00034ED1 /* ColumnFlowLayout.swift */ = {isa = PBXFileReference; fileEncoding = 4; lastKnownFileType = sourcecode.swift; path = ColumnFlowLayout.swift; sourceTree = "<group>"; };
		DCF2A0172564029D00034ED1 /* CollectionViewController.swift */ = {isa = PBXFileReference; fileEncoding = 4; lastKnownFileType = sourcecode.swift; path = CollectionViewController.swift; sourceTree = "<group>"; };
		DCF2A0182564029D00034ED1 /* CollectionViewCell.swift */ = {isa = PBXFileReference; fileEncoding = 4; lastKnownFileType = sourcecode.swift; path = CollectionViewCell.swift; sourceTree = "<group>"; };
/* End PBXFileReference section */

/* Begin PBXFrameworksBuildPhase section */
		DCF29FFB2564018400034ED1 /* Frameworks */ = {
			isa = PBXFrameworksBuildPhase;
			buildActionMask = 2147483647;
			files = (
			);
			runOnlyForDeploymentPostprocessing = 0;
		};
/* End PBXFrameworksBuildPhase section */

/* Begin PBXGroup section */
		DCF29FF52564018400034ED1 = {
			isa = PBXGroup;
			children = (
				DCF2A0002564018400034ED1 /* FlowLayoutTest */,
				DCF29FFF2564018400034ED1 /* Products */,
			);
			sourceTree = "<group>";
		};
		DCF29FFF2564018400034ED1 /* Products */ = {
			isa = PBXGroup;
			children = (
				DCF29FFE2564018400034ED1 /* FlowLayoutTest.app */,
			);
			name = Products;
			sourceTree = "<group>";
		};
		DCF2A0002564018400034ED1 /* FlowLayoutTest */ = {
			isa = PBXGroup;
			children = (
				DCF2A0182564029D00034ED1 /* CollectionViewCell.swift */,
				DCF2A0172564029D00034ED1 /* CollectionViewController.swift */,
				DCF2A0162564029D00034ED1 /* ColumnFlowLayout.swift */,
				DCF2A0012564018400034ED1 /* AppDelegate.swift */,
				DCF2A0032564018400034ED1 /* SceneDelegate.swift */,
				DCF2A0052564018400034ED1 /* ViewController.swift */,
				DCF2A0072564018400034ED1 /* Main.storyboard */,
				DCF2A00A2564019200034ED1 /* Assets.xcassets */,
				DCF2A00C2564019200034ED1 /* LaunchScreen.storyboard */,
				DCF2A00F2564019200034ED1 /* Info.plist */,
			);
			path = FlowLayoutTest;
			sourceTree = "<group>";
		};
/* End PBXGroup section */

/* Begin PBXNativeTarget section */
		DCF29FFD2564018400034ED1 /* FlowLayoutTest */ = {
			isa = PBXNativeTarget;
			buildConfigurationList = DCF2A0122564019200034ED1 /* Build configuration list for PBXNativeTarget "FlowLayoutTest" */;
			buildPhases = (
				DCF29FFA2564018400034ED1 /* Sources */,
				DCF29FFB2564018400034ED1 /* Frameworks */,
				DCF29FFC2564018400034ED1 /* Resources */,
			);
			buildRules = (
			);
			dependencies = (
			);
			name = FlowLayoutTest;
			productName = FlowLayoutTest;
			productReference = DCF29FFE2564018400034ED1 /* FlowLayoutTest.app */;
			productType = "com.apple.product-type.application";
		};
/* End PBXNativeTarget section */

/* Begin PBXProject section */
		DCF29FF62564018400034ED1 /* Project object */ = {
			isa = PBXProject;
			attributes = {
				LastSwiftUpdateCheck = 1210;
				LastUpgradeCheck = 1210;
				TargetAttributes = {
					DCF29FFD2564018400034ED1 = {
						CreatedOnToolsVersion = 12.1;
					};
				};
			};
			buildConfigurationList = DCF29FF92564018400034ED1 /* Build configuration list for PBXProject "FlowLayoutTest" */;
			compatibilityVersion = "Xcode 9.3";
			developmentRegion = en;
			hasScannedForEncodings = 0;
			knownRegions = (
				en,
				Base,
			);
			mainGroup = DCF29FF52564018400034ED1;
			productRefGroup = DCF29FFF2564018400034ED1 /* Products */;
			projectDirPath = "";
			projectRoot = "";
			targets = (
				DCF29FFD2564018400034ED1 /* FlowLayoutTest */,
			);
		};
/* End PBXProject section */

/* Begin PBXResourcesBuildPhase section */
		DCF29FFC2564018400034ED1 /* Resources */ = {
			isa = PBXResourcesBuildPhase;
			buildActionMask = 2147483647;
			files = (
				DCF2A00E2564019200034ED1 /* LaunchScreen.storyboard in Resources */,
				DCF2A00B2564019200034ED1 /* Assets.xcassets in Resources */,
				DCF2A0092564018400034ED1 /* Main.storyboard in Resources */,
			);
			runOnlyForDeploymentPostprocessing = 0;
		};
/* End PBXResourcesBuildPhase section */

/* Begin PBXSourcesBuildPhase section */
		DCF29FFA2564018400034ED1 /* Sources */ = {
			isa = PBXSourcesBuildPhase;
			buildActionMask = 2147483647;
			files = (
				DCF2A0062564018400034ED1 /* ViewController.swift in Sources */,
				DCF2A0192564029D00034ED1 /* ColumnFlowLayout.swift in Sources */,
				DCF2A01B2564029D00034ED1 /* CollectionViewCell.swift in Sources */,
				DCF2A0022564018400034ED1 /* AppDelegate.swift in Sources */,
				DCF2A0042564018400034ED1 /* SceneDelegate.swift in Sources */,
				DCF2A01A2564029D00034ED1 /* CollectionViewController.swift in Sources */,
			);
			runOnlyForDeploymentPostprocessing = 0;
		};
/* End PBXSourcesBuildPhase section */

/* Begin PBXVariantGroup section */
		DCF2A0072564018400034ED1 /* Main.storyboard */ = {
			isa = PBXVariantGroup;
			children = (
				DCF2A0082564018400034ED1 /* Base */,
			);
			name = Main.storyboard;
			sourceTree = "<group>";
		};
		DCF2A00C2564019200034ED1 /* LaunchScreen.storyboard */ = {
			isa = PBXVariantGroup;
			children = (
				DCF2A00D2564019200034ED1 /* Base */,
			);
			name = LaunchScreen.storyboard;
			sourceTree = "<group>";
		};
/* End PBXVariantGroup section */

/* Begin XCBuildConfiguration section */
		DCF2A0102564019200034ED1 /* Debug */ = {
			isa = XCBuildConfiguration;
			buildSettings = {
				ALWAYS_SEARCH_USER_PATHS = NO;
				CLANG_ANALYZER_NONNULL = YES;
				CLANG_ANALYZER_NUMBER_OBJECT_CONVERSION = YES_AGGRESSIVE;
				CLANG_CXX_LANGUAGE_STANDARD = "gnu++14";
				CLANG_CXX_LIBRARY = "libc++";
				CLANG_ENABLE_MODULES = YES;
				CLANG_ENABLE_OBJC_ARC = YES;
				CLANG_ENABLE_OBJC_WEAK = YES;
				CLANG_WARN_BLOCK_CAPTURE_AUTORELEASING = YES;
				CLANG_WARN_BOOL_CONVERSION = YES;
				CLANG_WARN_COMMA = YES;
				CLANG_WARN_CONSTANT_CONVERSION = YES;
				CLANG_WARN_DEPRECATED_OBJC_IMPLEMENTATIONS = YES;
				CLANG_WARN_DIRECT_OBJC_ISA_USAGE = YES_ERROR;
				CLANG_WARN_DOCUMENTATION_COMMENTS = YES;
				CLANG_WARN_EMPTY_BODY = YES;
				CLANG_WARN_ENUM_CONVERSION = YES;
				CLANG_WARN_INFINITE_RECURSION = YES;
				CLANG_WARN_INT_CONVERSION = YES;
				CLANG_WARN_NON_LITERAL_NULL_CONVERSION = YES;
				CLANG_WARN_OBJC_IMPLICIT_RETAIN_SELF = YES;
				CLANG_WARN_OBJC_LITERAL_CONVERSION = YES;
				CLANG_WARN_OBJC_ROOT_CLASS = YES_ERROR;
				CLANG_WARN_QUOTED_INCLUDE_IN_FRAMEWORK_HEADER = YES;
				CLANG_WARN_RANGE_LOOP_ANALYSIS = YES;
				CLANG_WARN_STRICT_PROTOTYPES = YES;
				CLANG_WARN_SUSPICIOUS_MOVE = YES;
				CLANG_WARN_UNGUARDED_AVAILABILITY = YES_AGGRESSIVE;
				CLANG_WARN_UNREACHABLE_CODE = YES;
				CLANG_WARN__DUPLICATE_METHOD_MATCH = YES;
				COPY_PHASE_STRIP = NO;
				DEBUG_INFORMATION_FORMAT = dwarf;
				ENABLE_STRICT_OBJC_MSGSEND = YES;
				ENABLE_TESTABILITY = YES;
				GCC_C_LANGUAGE_STANDARD = gnu11;
				GCC_DYNAMIC_NO_PIC = NO;
				GCC_NO_COMMON_BLOCKS = YES;
				GCC_OPTIMIZATION_LEVEL = 0;
				GCC_PREPROCESSOR_DEFINITIONS = (
					"DEBUG=1",
					"$(inherited)",
				);
				GCC_WARN_64_TO_32_BIT_CONVERSION = YES;
				GCC_WARN_ABOUT_RETURN_TYPE = YES_ERROR;
				GCC_WARN_UNDECLARED_SELECTOR = YES;
				GCC_WARN_UNINITIALIZED_AUTOS = YES_AGGRESSIVE;
				GCC_WARN_UNUSED_FUNCTION = YES;
				GCC_WARN_UNUSED_VARIABLE = YES;
				IPHONEOS_DEPLOYMENT_TARGET = 14.1;
				MTL_ENABLE_DEBUG_INFO = INCLUDE_SOURCE;
				MTL_FAST_MATH = YES;
				ONLY_ACTIVE_ARCH = YES;
				SDKROOT = iphoneos;
				SWIFT_ACTIVE_COMPILATION_CONDITIONS = DEBUG;
				SWIFT_OPTIMIZATION_LEVEL = "-Onone";
			};
			name = Debug;
		};
		DCF2A0112564019200034ED1 /* Release */ = {
			isa = XCBuildConfiguration;
			buildSettings = {
				ALWAYS_SEARCH_USER_PATHS = NO;
				CLANG_ANALYZER_NONNULL = YES;
				CLANG_ANALYZER_NUMBER_OBJECT_CONVERSION = YES_AGGRESSIVE;
				CLANG_CXX_LANGUAGE_STANDARD = "gnu++14";
				CLANG_CXX_LIBRARY = "libc++";
				CLANG_ENABLE_MODULES = YES;
				CLANG_ENABLE_OBJC_ARC = YES;
				CLANG_ENABLE_OBJC_WEAK = YES;
				CLANG_WARN_BLOCK_CAPTURE_AUTORELEASING = YES;
				CLANG_WARN_BOOL_CONVERSION = YES;
				CLANG_WARN_COMMA = YES;
				CLANG_WARN_CONSTANT_CONVERSION = YES;
				CLANG_WARN_DEPRECATED_OBJC_IMPLEMENTATIONS = YES;
				CLANG_WARN_DIRECT_OBJC_ISA_USAGE = YES_ERROR;
				CLANG_WARN_DOCUMENTATION_COMMENTS = YES;
				CLANG_WARN_EMPTY_BODY = YES;
				CLANG_WARN_ENUM_CONVERSION = YES;
				CLANG_WARN_INFINITE_RECURSION = YES;
				CLANG_WARN_INT_CONVERSION = YES;
				CLANG_WARN_NON_LITERAL_NULL_CONVERSION = YES;
				CLANG_WARN_OBJC_IMPLICIT_RETAIN_SELF = YES;
				CLANG_WARN_OBJC_LITERAL_CONVERSION = YES;
				CLANG_WARN_OBJC_ROOT_CLASS = YES_ERROR;
				CLANG_WARN_QUOTED_INCLUDE_IN_FRAMEWORK_HEADER = YES;
				CLANG_WARN_RANGE_LOOP_ANALYSIS = YES;
				CLANG_WARN_STRICT_PROTOTYPES = YES;
				CLANG_WARN_SUSPICIOUS_MOVE = YES;
				CLANG_WARN_UNGUARDED_AVAILABILITY = YES_AGGRESSIVE;
				CLANG_WARN_UNREACHABLE_CODE = YES;
				CLANG_WARN__DUPLICATE_METHOD_MATCH = YES;
				COPY_PHASE_STRIP = NO;
				DEBUG_INFORMATION_FORMAT = "dwarf-with-dsym";
				ENABLE_NS_ASSERTIONS = NO;
				ENABLE_STRICT_OBJC_MSGSEND = YES;
				GCC_C_LANGUAGE_STANDARD = gnu11;
				GCC_NO_COMMON_BLOCKS = YES;
				GCC_WARN_64_TO_32_BIT_CONVERSION = YES;
				GCC_WARN_ABOUT_RETURN_TYPE = YES_ERROR;
				GCC_WARN_UNDECLARED_SELECTOR = YES;
				GCC_WARN_UNINITIALIZED_AUTOS = YES_AGGRESSIVE;
				GCC_WARN_UNUSED_FUNCTION = YES;
				GCC_WARN_UNUSED_VARIABLE = YES;
				IPHONEOS_DEPLOYMENT_TARGET = 14.1;
				MTL_ENABLE_DEBUG_INFO = NO;
				MTL_FAST_MATH = YES;
				SDKROOT = iphoneos;
				SWIFT_COMPILATION_MODE = wholemodule;
				SWIFT_OPTIMIZATION_LEVEL = "-O";
				VALIDATE_PRODUCT = YES;
			};
			name = Release;
		};
		DCF2A0132564019200034ED1 /* Debug */ = {
			isa = XCBuildConfiguration;
			buildSettings = {
				ASSETCATALOG_COMPILER_APPICON_NAME = AppIcon;
				ASSETCATALOG_COMPILER_GLOBAL_ACCENT_COLOR_NAME = AccentColor;
				CODE_SIGN_STYLE = Automatic;
				DEVELOPMENT_TEAM = JTBZ8NSVPE;
				INFOPLIST_FILE = FlowLayoutTest/Info.plist;
				LD_RUNPATH_SEARCH_PATHS = (
					"$(inherited)",
					"@executable_path/Frameworks",
				);
				PRODUCT_BUNDLE_IDENTIFIER = subhafelix.com.FlowLayoutTest;
				PRODUCT_NAME = "$(TARGET_NAME)";
				SWIFT_VERSION = 5.0;
				TARGETED_DEVICE_FAMILY = "1,2";
			};
			name = Debug;
		};
		DCF2A0142564019200034ED1 /* Release */ = {
			isa = XCBuildConfiguration;
			buildSettings = {
				ASSETCATALOG_COMPILER_APPICON_NAME = AppIcon;
				ASSETCATALOG_COMPILER_GLOBAL_ACCENT_COLOR_NAME = AccentColor;
				CODE_SIGN_STYLE = Automatic;
				DEVELOPMENT_TEAM = JTBZ8NSVPE;
				INFOPLIST_FILE = FlowLayoutTest/Info.plist;
				LD_RUNPATH_SEARCH_PATHS = (
					"$(inherited)",
					"@executable_path/Frameworks",
				);
				PRODUCT_BUNDLE_IDENTIFIER = subhafelix.com.FlowLayoutTest;
				PRODUCT_NAME = "$(TARGET_NAME)";
				SWIFT_VERSION = 5.0;
				TARGETED_DEVICE_FAMILY = "1,2";
			};
			name = Release;
		};
/* End XCBuildConfiguration section */

/* Begin XCConfigurationList section */
		DCF29FF92564018400034ED1 /* Build configuration list for PBXProject "FlowLayoutTest" */ = {
			isa = XCConfigurationList;
			buildConfigurations = (
				DCF2A0102564019200034ED1 /* Debug */,
				DCF2A0112564019200034ED1 /* Release */,
			);
			defaultConfigurationIsVisible = 0;
			defaultConfigurationName = Release;
		};
		DCF2A0122564019200034ED1 /* Build configuration list for PBXNativeTarget "FlowLayoutTest" */ = {
			isa = XCConfigurationList;
			buildConfigurations = (
				DCF2A0132564019200034ED1 /* Debug */,
				DCF2A0142564019200034ED1 /* Release */,
			);
			defaultConfigurationIsVisible = 0;
			defaultConfigurationName = Release;
		};
/* End XCConfigurationList section */
	};
	rootObject = DCF29FF62564018400034ED1 /* Project object */;
}
